// !$*UTF8*$!
{
	archiveVersion = 1;
	classes = {
	};
	objectVersion = 56;
	objects = {

/* Begin PBXBuildFile section */
		44113AC02A00F90C0036510D /* BusinessFinderApp.swift in Sources */ = {isa = PBXBuildFile; fileRef = 44113ABF2A00F90C0036510D /* BusinessFinderApp.swift */; };
		44113AC22A00F90C0036510D /* ContentView.swift in Sources */ = {isa = PBXBuildFile; fileRef = 44113AC12A00F90C0036510D /* ContentView.swift */; };
		44113AC42A00F90D0036510D /* Assets.xcassets in Resources */ = {isa = PBXBuildFile; fileRef = 44113AC32A00F90D0036510D /* Assets.xcassets */; };
		44113AC72A00F90D0036510D /* Preview Assets.xcassets in Resources */ = {isa = PBXBuildFile; fileRef = 44113AC62A00F90D0036510D /* Preview Assets.xcassets */; };
		44113ACE2A00F9500036510D /* .gitignore in Resources */ = {isa = PBXBuildFile; fileRef = 44113ACD2A00F9500036510D /* .gitignore */; };
		44113AD72A00FEBF0036510D /* BusinessResponse.swift in Sources */ = {isa = PBXBuildFile; fileRef = 44113AD62A00FEBF0036510D /* BusinessResponse.swift */; };
		44113AD92A0102A60036510D /* BusinessService.swift in Sources */ = {isa = PBXBuildFile; fileRef = 44113AD82A0102A60036510D /* BusinessService.swift */; };
		44113ADD2A0164D10036510D /* Business.swift in Sources */ = {isa = PBXBuildFile; fileRef = 44113ADC2A0164D10036510D /* Business.swift */; };
		44113ADF2A0164FD0036510D /* BusinessCategory.swift in Sources */ = {isa = PBXBuildFile; fileRef = 44113ADE2A0164FD0036510D /* BusinessCategory.swift */; };
		44113AE12A0165210036510D /* BusinessCoordinate.swift in Sources */ = {isa = PBXBuildFile; fileRef = 44113AE02A0165210036510D /* BusinessCoordinate.swift */; };
		44113AE32A0165450036510D /* BusinessLocation.swift in Sources */ = {isa = PBXBuildFile; fileRef = 44113AE22A0165450036510D /* BusinessLocation.swift */; };
		44113AE52A0165810036510D /* BusinessHours.swift in Sources */ = {isa = PBXBuildFile; fileRef = 44113AE42A0165810036510D /* BusinessHours.swift */; };
		44113AE82A0165E80036510D /* BusinessRepository.swift in Sources */ = {isa = PBXBuildFile; fileRef = 44113AE72A0165E80036510D /* BusinessRepository.swift */; };
		44113AEB2A0168CC0036510D /* GetBusiness.swift in Sources */ = {isa = PBXBuildFile; fileRef = 44113AEA2A0168CC0036510D /* GetBusiness.swift */; };
		44113AED2A01D6C30036510D /* NetworkManager.swift in Sources */ = {isa = PBXBuildFile; fileRef = 44113AEC2A01D6C30036510D /* NetworkManager.swift */; };
		44113AF52A01DB580036510D /* HomeView.swift in Sources */ = {isa = PBXBuildFile; fileRef = 44113AF42A01DB580036510D /* HomeView.swift */; };
		44113AF72A01DCEF0036510D /* BusinessItem.swift in Sources */ = {isa = PBXBuildFile; fileRef = 44113AF62A01DCEF0036510D /* BusinessItem.swift */; };
		44113AF92A01DD8A0036510D /* BusinessImage.swift in Sources */ = {isa = PBXBuildFile; fileRef = 44113AF82A01DD8A0036510D /* BusinessImage.swift */; };
		44113AFB2A01DE1F0036510D /* BusinessName.swift in Sources */ = {isa = PBXBuildFile; fileRef = 44113AFA2A01DE1F0036510D /* BusinessName.swift */; };
		44113AFD2A01DE5F0036510D /* BusinessRating.swift in Sources */ = {isa = PBXBuildFile; fileRef = 44113AFC2A01DE5F0036510D /* BusinessRating.swift */; };
		44113AFF2A01E0640036510D /* BusinessReviewCount.swift in Sources */ = {isa = PBXBuildFile; fileRef = 44113AFE2A01E0640036510D /* BusinessReviewCount.swift */; };
		44113B012A01E0B40036510D /* BusinessCategories.swift in Sources */ = {isa = PBXBuildFile; fileRef = 44113B002A01E0B40036510D /* BusinessCategories.swift */; };
		44113B032A01E2B60036510D /* BusinessAddress.swift in Sources */ = {isa = PBXBuildFile; fileRef = 44113B022A01E2B60036510D /* BusinessAddress.swift */; };
		44113B052A01E3D00036510D /* BusinessList.swift in Sources */ = {isa = PBXBuildFile; fileRef = 44113B042A01E3D00036510D /* BusinessList.swift */; };
		44113B072A01ED1C0036510D /* HomeViewModel.swift in Sources */ = {isa = PBXBuildFile; fileRef = 44113B062A01ED1C0036510D /* HomeViewModel.swift */; };
		44113B092A01ED390036510D /* HomeViewState.swift in Sources */ = {isa = PBXBuildFile; fileRef = 44113B082A01ED390036510D /* HomeViewState.swift */; };
		44113B0C2A01FC550036510D /* PublisherAsyncMap.swift in Sources */ = {isa = PBXBuildFile; fileRef = 44113B0B2A01FC550036510D /* PublisherAsyncMap.swift */; };
		44113B102A020D960036510D /* BusinessDetail.swift in Sources */ = {isa = PBXBuildFile; fileRef = 44113B0F2A020D960036510D /* BusinessDetail.swift */; };
		44113B122A02179E0036510D /* BusinessDetailResponse.swift in Sources */ = {isa = PBXBuildFile; fileRef = 44113B112A02179E0036510D /* BusinessDetailResponse.swift */; };
		44113B142A0218DA0036510D /* GetBusinessDetail.swift in Sources */ = {isa = PBXBuildFile; fileRef = 44113B132A0218DA0036510D /* GetBusinessDetail.swift */; };
		44113B162A021B6E0036510D /* DetailImageCover.swift in Sources */ = {isa = PBXBuildFile; fileRef = 44113B152A021B6E0036510D /* DetailImageCover.swift */; };
		44113B182A021C170036510D /* BusinessDetailName.swift in Sources */ = {isa = PBXBuildFile; fileRef = 44113B172A021C170036510D /* BusinessDetailName.swift */; };
		44113B1A2A021D660036510D /* DetailPrice.swift in Sources */ = {isa = PBXBuildFile; fileRef = 44113B192A021D660036510D /* DetailPrice.swift */; };
		44113B1C2A02225C0036510D /* DetailOpenHour.swift in Sources */ = {isa = PBXBuildFile; fileRef = 44113B1B2A02225C0036510D /* DetailOpenHour.swift */; };
		44113B1E2A0226520036510D /* DetailMap.swift in Sources */ = {isa = PBXBuildFile; fileRef = 44113B1D2A0226520036510D /* DetailMap.swift */; };
		44113B202A0227800036510D /* IconButton.swift in Sources */ = {isa = PBXBuildFile; fileRef = 44113B1F2A0227800036510D /* IconButton.swift */; };
		44113B222A0228710036510D /* DetailActions.swift in Sources */ = {isa = PBXBuildFile; fileRef = 44113B212A0228710036510D /* DetailActions.swift */; };
		44113B242A022D4C0036510D /* DetailImageSlideCover.swift in Sources */ = {isa = PBXBuildFile; fileRef = 44113B232A022D4C0036510D /* DetailImageSlideCover.swift */; };
		44113B262A0232850036510D /* ReviewsResponse.swift in Sources */ = {isa = PBXBuildFile; fileRef = 44113B252A0232850036510D /* ReviewsResponse.swift */; };
		44113B282A0233040036510D /* Review.swift in Sources */ = {isa = PBXBuildFile; fileRef = 44113B272A0233040036510D /* Review.swift */; };
		44113B2A2A0233A50036510D /* ReviewUser.swift in Sources */ = {isa = PBXBuildFile; fileRef = 44113B292A0233A50036510D /* ReviewUser.swift */; };
		44113B2C2A0234850036510D /* GetBusinessReviews.swift in Sources */ = {isa = PBXBuildFile; fileRef = 44113B2B2A0234850036510D /* GetBusinessReviews.swift */; };
		44113B2F2A0236D90036510D /* ReviewView.swift in Sources */ = {isa = PBXBuildFile; fileRef = 44113B2E2A0236D90036510D /* ReviewView.swift */; };
		44113B322A0237DD0036510D /* ReviewProfilePicture.swift in Sources */ = {isa = PBXBuildFile; fileRef = 44113B312A0237DD0036510D /* ReviewProfilePicture.swift */; };
		44113B342A0238BF0036510D /* ReviewName.swift in Sources */ = {isa = PBXBuildFile; fileRef = 44113B332A0238BF0036510D /* ReviewName.swift */; };
		44113B362A02391E0036510D /* ReviewItem.swift in Sources */ = {isa = PBXBuildFile; fileRef = 44113B352A02391E0036510D /* ReviewItem.swift */; };
		44113B382A023A8E0036510D /* ReviewText.swift in Sources */ = {isa = PBXBuildFile; fileRef = 44113B372A023A8E0036510D /* ReviewText.swift */; };
		52786D84BAD3BA04D95281E7 /* Pods_BusinessFinder.framework in Frameworks */ = {isa = PBXBuildFile; fileRef = B5AC831E98DB3557E73CEBD3 /* Pods_BusinessFinder.framework */; };
/* End PBXBuildFile section */

/* Begin PBXFileReference section */
		44113ABC2A00F90C0036510D /* BusinessFinder.app */ = {isa = PBXFileReference; explicitFileType = wrapper.application; includeInIndex = 0; path = BusinessFinder.app; sourceTree = BUILT_PRODUCTS_DIR; };
		44113ABF2A00F90C0036510D /* BusinessFinderApp.swift */ = {isa = PBXFileReference; lastKnownFileType = sourcecode.swift; path = BusinessFinderApp.swift; sourceTree = "<group>"; };
		44113AC12A00F90C0036510D /* ContentView.swift */ = {isa = PBXFileReference; lastKnownFileType = sourcecode.swift; path = ContentView.swift; sourceTree = "<group>"; };
		44113AC32A00F90D0036510D /* Assets.xcassets */ = {isa = PBXFileReference; lastKnownFileType = folder.assetcatalog; path = Assets.xcassets; sourceTree = "<group>"; };
		44113AC62A00F90D0036510D /* Preview Assets.xcassets */ = {isa = PBXFileReference; lastKnownFileType = folder.assetcatalog; path = "Preview Assets.xcassets"; sourceTree = "<group>"; };
		44113ACD2A00F9500036510D /* .gitignore */ = {isa = PBXFileReference; lastKnownFileType = text; path = .gitignore; sourceTree = "<group>"; };
		44113AD62A00FEBF0036510D /* BusinessResponse.swift */ = {isa = PBXFileReference; lastKnownFileType = sourcecode.swift; path = BusinessResponse.swift; sourceTree = "<group>"; };
		44113AD82A0102A60036510D /* BusinessService.swift */ = {isa = PBXFileReference; lastKnownFileType = sourcecode.swift; path = BusinessService.swift; sourceTree = "<group>"; };
		44113ADC2A0164D10036510D /* Business.swift */ = {isa = PBXFileReference; lastKnownFileType = sourcecode.swift; path = Business.swift; sourceTree = "<group>"; };
		44113ADE2A0164FD0036510D /* BusinessCategory.swift */ = {isa = PBXFileReference; lastKnownFileType = sourcecode.swift; path = BusinessCategory.swift; sourceTree = "<group>"; };
		44113AE02A0165210036510D /* BusinessCoordinate.swift */ = {isa = PBXFileReference; lastKnownFileType = sourcecode.swift; path = BusinessCoordinate.swift; sourceTree = "<group>"; };
		44113AE22A0165450036510D /* BusinessLocation.swift */ = {isa = PBXFileReference; lastKnownFileType = sourcecode.swift; path = BusinessLocation.swift; sourceTree = "<group>"; };
		44113AE42A0165810036510D /* BusinessHours.swift */ = {isa = PBXFileReference; lastKnownFileType = sourcecode.swift; path = BusinessHours.swift; sourceTree = "<group>"; };
		44113AE72A0165E80036510D /* BusinessRepository.swift */ = {isa = PBXFileReference; lastKnownFileType = sourcecode.swift; path = BusinessRepository.swift; sourceTree = "<group>"; };
		44113AEA2A0168CC0036510D /* GetBusiness.swift */ = {isa = PBXFileReference; lastKnownFileType = sourcecode.swift; path = GetBusiness.swift; sourceTree = "<group>"; };
		44113AEC2A01D6C30036510D /* NetworkManager.swift */ = {isa = PBXFileReference; lastKnownFileType = sourcecode.swift; path = NetworkManager.swift; sourceTree = "<group>"; };
		44113AF42A01DB580036510D /* HomeView.swift */ = {isa = PBXFileReference; lastKnownFileType = sourcecode.swift; path = HomeView.swift; sourceTree = "<group>"; };
		44113AF62A01DCEF0036510D /* BusinessItem.swift */ = {isa = PBXFileReference; lastKnownFileType = sourcecode.swift; path = BusinessItem.swift; sourceTree = "<group>"; };
		44113AF82A01DD8A0036510D /* BusinessImage.swift */ = {isa = PBXFileReference; lastKnownFileType = sourcecode.swift; path = BusinessImage.swift; sourceTree = "<group>"; };
		44113AFA2A01DE1F0036510D /* BusinessName.swift */ = {isa = PBXFileReference; lastKnownFileType = sourcecode.swift; path = BusinessName.swift; sourceTree = "<group>"; };
		44113AFC2A01DE5F0036510D /* BusinessRating.swift */ = {isa = PBXFileReference; lastKnownFileType = sourcecode.swift; path = BusinessRating.swift; sourceTree = "<group>"; };
		44113AFE2A01E0640036510D /* BusinessReviewCount.swift */ = {isa = PBXFileReference; lastKnownFileType = sourcecode.swift; path = BusinessReviewCount.swift; sourceTree = "<group>"; };
		44113B002A01E0B40036510D /* BusinessCategories.swift */ = {isa = PBXFileReference; lastKnownFileType = sourcecode.swift; path = BusinessCategories.swift; sourceTree = "<group>"; };
		44113B022A01E2B60036510D /* BusinessAddress.swift */ = {isa = PBXFileReference; lastKnownFileType = sourcecode.swift; path = BusinessAddress.swift; sourceTree = "<group>"; };
		44113B042A01E3D00036510D /* BusinessList.swift */ = {isa = PBXFileReference; lastKnownFileType = sourcecode.swift; path = BusinessList.swift; sourceTree = "<group>"; };
		44113B062A01ED1C0036510D /* HomeViewModel.swift */ = {isa = PBXFileReference; lastKnownFileType = sourcecode.swift; path = HomeViewModel.swift; sourceTree = "<group>"; };
		44113B082A01ED390036510D /* HomeViewState.swift */ = {isa = PBXFileReference; lastKnownFileType = sourcecode.swift; path = HomeViewState.swift; sourceTree = "<group>"; };
		44113B0B2A01FC550036510D /* PublisherAsyncMap.swift */ = {isa = PBXFileReference; lastKnownFileType = sourcecode.swift; path = PublisherAsyncMap.swift; sourceTree = "<group>"; };
		44113B0F2A020D960036510D /* BusinessDetail.swift */ = {isa = PBXFileReference; lastKnownFileType = sourcecode.swift; path = BusinessDetail.swift; sourceTree = "<group>"; };
		44113B112A02179E0036510D /* BusinessDetailResponse.swift */ = {isa = PBXFileReference; lastKnownFileType = sourcecode.swift; path = BusinessDetailResponse.swift; sourceTree = "<group>"; };
		44113B132A0218DA0036510D /* GetBusinessDetail.swift */ = {isa = PBXFileReference; lastKnownFileType = sourcecode.swift; path = GetBusinessDetail.swift; sourceTree = "<group>"; };
		44113B152A021B6E0036510D /* DetailImageCover.swift */ = {isa = PBXFileReference; lastKnownFileType = sourcecode.swift; path = DetailImageCover.swift; sourceTree = "<group>"; };
		44113B172A021C170036510D /* BusinessDetailName.swift */ = {isa = PBXFileReference; lastKnownFileType = sourcecode.swift; path = BusinessDetailName.swift; sourceTree = "<group>"; };
		44113B192A021D660036510D /* DetailPrice.swift */ = {isa = PBXFileReference; lastKnownFileType = sourcecode.swift; path = DetailPrice.swift; sourceTree = "<group>"; };
		44113B1B2A02225C0036510D /* DetailOpenHour.swift */ = {isa = PBXFileReference; lastKnownFileType = sourcecode.swift; path = DetailOpenHour.swift; sourceTree = "<group>"; };
		44113B1D2A0226520036510D /* DetailMap.swift */ = {isa = PBXFileReference; lastKnownFileType = sourcecode.swift; path = DetailMap.swift; sourceTree = "<group>"; };
		44113B1F2A0227800036510D /* IconButton.swift */ = {isa = PBXFileReference; lastKnownFileType = sourcecode.swift; path = IconButton.swift; sourceTree = "<group>"; };
		44113B212A0228710036510D /* DetailActions.swift */ = {isa = PBXFileReference; lastKnownFileType = sourcecode.swift; path = DetailActions.swift; sourceTree = "<group>"; };
		44113B232A022D4C0036510D /* DetailImageSlideCover.swift */ = {isa = PBXFileReference; lastKnownFileType = sourcecode.swift; path = DetailImageSlideCover.swift; sourceTree = "<group>"; };
		44113B252A0232850036510D /* ReviewsResponse.swift */ = {isa = PBXFileReference; lastKnownFileType = sourcecode.swift; path = ReviewsResponse.swift; sourceTree = "<group>"; };
		44113B272A0233040036510D /* Review.swift */ = {isa = PBXFileReference; lastKnownFileType = sourcecode.swift; path = Review.swift; sourceTree = "<group>"; };
		44113B292A0233A50036510D /* ReviewUser.swift */ = {isa = PBXFileReference; lastKnownFileType = sourcecode.swift; path = ReviewUser.swift; sourceTree = "<group>"; };
		44113B2B2A0234850036510D /* GetBusinessReviews.swift */ = {isa = PBXFileReference; lastKnownFileType = sourcecode.swift; path = GetBusinessReviews.swift; sourceTree = "<group>"; };
		44113B2E2A0236D90036510D /* ReviewView.swift */ = {isa = PBXFileReference; lastKnownFileType = sourcecode.swift; path = ReviewView.swift; sourceTree = "<group>"; };
		44113B312A0237DD0036510D /* ReviewProfilePicture.swift */ = {isa = PBXFileReference; lastKnownFileType = sourcecode.swift; path = ReviewProfilePicture.swift; sourceTree = "<group>"; };
		44113B332A0238BF0036510D /* ReviewName.swift */ = {isa = PBXFileReference; lastKnownFileType = sourcecode.swift; path = ReviewName.swift; sourceTree = "<group>"; };
		44113B352A02391E0036510D /* ReviewItem.swift */ = {isa = PBXFileReference; lastKnownFileType = sourcecode.swift; path = ReviewItem.swift; sourceTree = "<group>"; };
		44113B372A023A8E0036510D /* ReviewText.swift */ = {isa = PBXFileReference; lastKnownFileType = sourcecode.swift; path = ReviewText.swift; sourceTree = "<group>"; };
		8B7844A22E304F728A0B95A9 /* Pods-BusinessFinder.release.xcconfig */ = {isa = PBXFileReference; includeInIndex = 1; lastKnownFileType = text.xcconfig; name = "Pods-BusinessFinder.release.xcconfig"; path = "Target Support Files/Pods-BusinessFinder/Pods-BusinessFinder.release.xcconfig"; sourceTree = "<group>"; };
		B5AC831E98DB3557E73CEBD3 /* Pods_BusinessFinder.framework */ = {isa = PBXFileReference; explicitFileType = wrapper.framework; includeInIndex = 0; path = Pods_BusinessFinder.framework; sourceTree = BUILT_PRODUCTS_DIR; };
		F46A8C7C3C4DE36CD804A256 /* Pods-BusinessFinder.debug.xcconfig */ = {isa = PBXFileReference; includeInIndex = 1; lastKnownFileType = text.xcconfig; name = "Pods-BusinessFinder.debug.xcconfig"; path = "Target Support Files/Pods-BusinessFinder/Pods-BusinessFinder.debug.xcconfig"; sourceTree = "<group>"; };
/* End PBXFileReference section */

/* Begin PBXFrameworksBuildPhase section */
		44113AB92A00F90C0036510D /* Frameworks */ = {
			isa = PBXFrameworksBuildPhase;
			buildActionMask = 2147483647;
			files = (
				52786D84BAD3BA04D95281E7 /* Pods_BusinessFinder.framework in Frameworks */,
			);
			runOnlyForDeploymentPostprocessing = 0;
		};
/* End PBXFrameworksBuildPhase section */

/* Begin PBXGroup section */
		0568F7A25F26D3F53226F7C2 /* Frameworks */ = {
			isa = PBXGroup;
			children = (
				B5AC831E98DB3557E73CEBD3 /* Pods_BusinessFinder.framework */,
			);
			name = Frameworks;
			sourceTree = "<group>";
		};
		44113AB32A00F90C0036510D = {
			isa = PBXGroup;
			children = (
				44113ACD2A00F9500036510D /* .gitignore */,
				44113ABE2A00F90C0036510D /* BusinessFinder */,
				44113ABD2A00F90C0036510D /* Products */,
				B5B9799E01A9146436D294EA /* Pods */,
				0568F7A25F26D3F53226F7C2 /* Frameworks */,
			);
			sourceTree = "<group>";
		};
		44113ABD2A00F90C0036510D /* Products */ = {
			isa = PBXGroup;
			children = (
				44113ABC2A00F90C0036510D /* BusinessFinder.app */,
			);
			name = Products;
			sourceTree = "<group>";
		};
		44113ABE2A00F90C0036510D /* BusinessFinder */ = {
			isa = PBXGroup;
			children = (
				44113B0A2A01FC430036510D /* Extension */,
				44113AEE2A01DAA10036510D /* Views */,
				44113AE92A0168B50036510D /* Domain */,
				44113AE62A0165D60036510D /* Repository */,
				44113ACF2A00FAC20036510D /* Data */,
				44113ABF2A00F90C0036510D /* BusinessFinderApp.swift */,
				44113AC12A00F90C0036510D /* ContentView.swift */,
				44113AC32A00F90D0036510D /* Assets.xcassets */,
				44113AC52A00F90D0036510D /* Preview Content */,
			);
			path = BusinessFinder;
			sourceTree = "<group>";
		};
		44113AC52A00F90D0036510D /* Preview Content */ = {
			isa = PBXGroup;
			children = (
				44113AC62A00F90D0036510D /* Preview Assets.xcassets */,
			);
			path = "Preview Content";
			sourceTree = "<group>";
		};
		44113ACF2A00FAC20036510D /* Data */ = {
			isa = PBXGroup;
			children = (
				44113AD22A00FAD70036510D /* Model */,
				44113AD12A00FAD20036510D /* Source */,
			);
			path = Data;
			sourceTree = "<group>";
		};
		44113AD12A00FAD20036510D /* Source */ = {
			isa = PBXGroup;
			children = (
				44113AD42A00FAEA0036510D /* Network */,
			);
			path = Source;
			sourceTree = "<group>";
		};
		44113AD22A00FAD70036510D /* Model */ = {
			isa = PBXGroup;
			children = (
				44113AD52A00FEB00036510D /* Response */,
				44113AD32A00FAE30036510D /* Entity */,
			);
			path = Model;
			sourceTree = "<group>";
		};
		44113AD32A00FAE30036510D /* Entity */ = {
			isa = PBXGroup;
			children = (
				44113ADC2A0164D10036510D /* Business.swift */,
				44113ADE2A0164FD0036510D /* BusinessCategory.swift */,
				44113AE02A0165210036510D /* BusinessCoordinate.swift */,
				44113AE22A0165450036510D /* BusinessLocation.swift */,
				44113AE42A0165810036510D /* BusinessHours.swift */,
				44113B272A0233040036510D /* Review.swift */,
				44113B292A0233A50036510D /* ReviewUser.swift */,
			);
			path = Entity;
			sourceTree = "<group>";
		};
		44113AD42A00FAEA0036510D /* Network */ = {
			isa = PBXGroup;
			children = (
				44113AD82A0102A60036510D /* BusinessService.swift */,
				44113AEC2A01D6C30036510D /* NetworkManager.swift */,
			);
			path = Network;
			sourceTree = "<group>";
		};
		44113AD52A00FEB00036510D /* Response */ = {
			isa = PBXGroup;
			children = (
				44113AD62A00FEBF0036510D /* BusinessResponse.swift */,
				44113B112A02179E0036510D /* BusinessDetailResponse.swift */,
				44113B252A0232850036510D /* ReviewsResponse.swift */,
			);
			path = Response;
			sourceTree = "<group>";
		};
		44113AE62A0165D60036510D /* Repository */ = {
			isa = PBXGroup;
			children = (
				44113AE72A0165E80036510D /* BusinessRepository.swift */,
			);
			path = Repository;
			sourceTree = "<group>";
		};
		44113AE92A0168B50036510D /* Domain */ = {
			isa = PBXGroup;
			children = (
				44113AEA2A0168CC0036510D /* GetBusiness.swift */,
				44113B132A0218DA0036510D /* GetBusinessDetail.swift */,
				44113B2B2A0234850036510D /* GetBusinessReviews.swift */,
			);
			path = Domain;
			sourceTree = "<group>";
		};
		44113AEE2A01DAA10036510D /* Views */ = {
			isa = PBXGroup;
			children = (
				44113B2D2A0236CA0036510D /* Review */,
				44113B0D2A020D750036510D /* BusinessDetail */,
				44113AF22A01DB360036510D /* Home */,
			);
			path = Views;
			sourceTree = "<group>";
		};
		44113AF22A01DB360036510D /* Home */ = {
			isa = PBXGroup;
			children = (
				44113AF32A01DB3D0036510D /* Components */,
				44113AF42A01DB580036510D /* HomeView.swift */,
				44113B062A01ED1C0036510D /* HomeViewModel.swift */,
				44113B082A01ED390036510D /* HomeViewState.swift */,
			);
			path = Home;
			sourceTree = "<group>";
		};
		44113AF32A01DB3D0036510D /* Components */ = {
			isa = PBXGroup;
			children = (
				44113AF62A01DCEF0036510D /* BusinessItem.swift */,
				44113AF82A01DD8A0036510D /* BusinessImage.swift */,
				44113AFA2A01DE1F0036510D /* BusinessName.swift */,
				44113AFC2A01DE5F0036510D /* BusinessRating.swift */,
				44113AFE2A01E0640036510D /* BusinessReviewCount.swift */,
				44113B002A01E0B40036510D /* BusinessCategories.swift */,
				44113B022A01E2B60036510D /* BusinessAddress.swift */,
				44113B042A01E3D00036510D /* BusinessList.swift */,
			);
			path = Components;
			sourceTree = "<group>";
		};
		44113B0A2A01FC430036510D /* Extension */ = {
			isa = PBXGroup;
			children = (
				44113B0B2A01FC550036510D /* PublisherAsyncMap.swift */,
			);
			path = Extension;
			sourceTree = "<group>";
		};
		44113B0D2A020D750036510D /* BusinessDetail */ = {
			isa = PBXGroup;
			children = (
				44113B0E2A020D7F0036510D /* Components */,
				44113B0F2A020D960036510D /* BusinessDetail.swift */,
			);
			path = BusinessDetail;
			sourceTree = "<group>";
		};
		44113B0E2A020D7F0036510D /* Components */ = {
			isa = PBXGroup;
			children = (
				44113B152A021B6E0036510D /* DetailImageCover.swift */,
				44113B172A021C170036510D /* BusinessDetailName.swift */,
				44113B192A021D660036510D /* DetailPrice.swift */,
				44113B1B2A02225C0036510D /* DetailOpenHour.swift */,
				44113B1D2A0226520036510D /* DetailMap.swift */,
				44113B1F2A0227800036510D /* IconButton.swift */,
				44113B212A0228710036510D /* DetailActions.swift */,
				44113B232A022D4C0036510D /* DetailImageSlideCover.swift */,
			);
			path = Components;
			sourceTree = "<group>";
		};
		44113B2D2A0236CA0036510D /* Review */ = {
			isa = PBXGroup;
			children = (
				44113B302A0236DD0036510D /* Components */,
				44113B2E2A0236D90036510D /* ReviewView.swift */,
			);
			path = Review;
			sourceTree = "<group>";
		};
		44113B302A0236DD0036510D /* Components */ = {
			isa = PBXGroup;
			children = (
				44113B312A0237DD0036510D /* ReviewProfilePicture.swift */,
				44113B332A0238BF0036510D /* ReviewName.swift */,
				44113B352A02391E0036510D /* ReviewItem.swift */,
				44113B372A023A8E0036510D /* ReviewText.swift */,
			);
			path = Components;
			sourceTree = "<group>";
		};
		B5B9799E01A9146436D294EA /* Pods */ = {
			isa = PBXGroup;
			children = (
				F46A8C7C3C4DE36CD804A256 /* Pods-BusinessFinder.debug.xcconfig */,
				8B7844A22E304F728A0B95A9 /* Pods-BusinessFinder.release.xcconfig */,
			);
			path = Pods;
			sourceTree = "<group>";
		};
/* End PBXGroup section */

/* Begin PBXNativeTarget section */
		44113ABB2A00F90C0036510D /* BusinessFinder */ = {
			isa = PBXNativeTarget;
			buildConfigurationList = 44113ACA2A00F90D0036510D /* Build configuration list for PBXNativeTarget "BusinessFinder" */;
			buildPhases = (
				80A1216DF2A290E78370E896 /* [CP] Check Pods Manifest.lock */,
				44113AB82A00F90C0036510D /* Sources */,
				44113AB92A00F90C0036510D /* Frameworks */,
				44113ABA2A00F90C0036510D /* Resources */,
				F1BD71907AC33C70EAAF1923 /* [CP] Embed Pods Frameworks */,
			);
			buildRules = (
			);
			dependencies = (
			);
			name = BusinessFinder;
			productName = BusinessFinder;
			productReference = 44113ABC2A00F90C0036510D /* BusinessFinder.app */;
			productType = "com.apple.product-type.application";
		};
/* End PBXNativeTarget section */

/* Begin PBXProject section */
		44113AB42A00F90C0036510D /* Project object */ = {
			isa = PBXProject;
			attributes = {
				BuildIndependentTargetsInParallel = 1;
				LastSwiftUpdateCheck = 1430;
				LastUpgradeCheck = 1430;
				TargetAttributes = {
					44113ABB2A00F90C0036510D = {
						CreatedOnToolsVersion = 14.3;
					};
				};
			};
			buildConfigurationList = 44113AB72A00F90C0036510D /* Build configuration list for PBXProject "BusinessFinder" */;
			compatibilityVersion = "Xcode 14.0";
			developmentRegion = en;
			hasScannedForEncodings = 0;
			knownRegions = (
				en,
				Base,
			);
			mainGroup = 44113AB32A00F90C0036510D;
			productRefGroup = 44113ABD2A00F90C0036510D /* Products */;
			projectDirPath = "";
			projectRoot = "";
			targets = (
				44113ABB2A00F90C0036510D /* BusinessFinder */,
			);
		};
/* End PBXProject section */

/* Begin PBXResourcesBuildPhase section */
		44113ABA2A00F90C0036510D /* Resources */ = {
			isa = PBXResourcesBuildPhase;
			buildActionMask = 2147483647;
			files = (
				44113AC72A00F90D0036510D /* Preview Assets.xcassets in Resources */,
				44113ACE2A00F9500036510D /* .gitignore in Resources */,
				44113AC42A00F90D0036510D /* Assets.xcassets in Resources */,
			);
			runOnlyForDeploymentPostprocessing = 0;
		};
/* End PBXResourcesBuildPhase section */

/* Begin PBXShellScriptBuildPhase section */
		80A1216DF2A290E78370E896 /* [CP] Check Pods Manifest.lock */ = {
			isa = PBXShellScriptBuildPhase;
			buildActionMask = 2147483647;
			files = (
			);
			inputFileListPaths = (
			);
			inputPaths = (
				"${PODS_PODFILE_DIR_PATH}/Podfile.lock",
				"${PODS_ROOT}/Manifest.lock",
			);
			name = "[CP] Check Pods Manifest.lock";
			outputFileListPaths = (
			);
			outputPaths = (
				"$(DERIVED_FILE_DIR)/Pods-BusinessFinder-checkManifestLockResult.txt",
			);
			runOnlyForDeploymentPostprocessing = 0;
			shellPath = /bin/sh;
			shellScript = "diff \"${PODS_PODFILE_DIR_PATH}/Podfile.lock\" \"${PODS_ROOT}/Manifest.lock\" > /dev/null\nif [ $? != 0 ] ; then\n    # print error to STDERR\n    echo \"error: The sandbox is not in sync with the Podfile.lock. Run 'pod install' or update your CocoaPods installation.\" >&2\n    exit 1\nfi\n# This output is used by Xcode 'outputs' to avoid re-running this script phase.\necho \"SUCCESS\" > \"${SCRIPT_OUTPUT_FILE_0}\"\n";
			showEnvVarsInLog = 0;
		};
		F1BD71907AC33C70EAAF1923 /* [CP] Embed Pods Frameworks */ = {
			isa = PBXShellScriptBuildPhase;
			buildActionMask = 2147483647;
			files = (
			);
			inputFileListPaths = (
				"${PODS_ROOT}/Target Support Files/Pods-BusinessFinder/Pods-BusinessFinder-frameworks-${CONFIGURATION}-input-files.xcfilelist",
			);
			name = "[CP] Embed Pods Frameworks";
			outputFileListPaths = (
				"${PODS_ROOT}/Target Support Files/Pods-BusinessFinder/Pods-BusinessFinder-frameworks-${CONFIGURATION}-output-files.xcfilelist",
			);
			runOnlyForDeploymentPostprocessing = 0;
			shellPath = /bin/sh;
			shellScript = "\"${PODS_ROOT}/Target Support Files/Pods-BusinessFinder/Pods-BusinessFinder-frameworks.sh\"\n";
			showEnvVarsInLog = 0;
		};
/* End PBXShellScriptBuildPhase section */

/* Begin PBXSourcesBuildPhase section */
		44113AB82A00F90C0036510D /* Sources */ = {
			isa = PBXSourcesBuildPhase;
			buildActionMask = 2147483647;
			files = (
				44113B2F2A0236D90036510D /* ReviewView.swift in Sources */,
				44113B262A0232850036510D /* ReviewsResponse.swift in Sources */,
				44113AF92A01DD8A0036510D /* BusinessImage.swift in Sources */,
				44113B122A02179E0036510D /* BusinessDetailResponse.swift in Sources */,
				44113B072A01ED1C0036510D /* HomeViewModel.swift in Sources */,
				44113B1C2A02225C0036510D /* DetailOpenHour.swift in Sources */,
				44113AED2A01D6C30036510D /* NetworkManager.swift in Sources */,
				44113B092A01ED390036510D /* HomeViewState.swift in Sources */,
				44113B0C2A01FC550036510D /* PublisherAsyncMap.swift in Sources */,
				44113B012A01E0B40036510D /* BusinessCategories.swift in Sources */,
				44113AD72A00FEBF0036510D /* BusinessResponse.swift in Sources */,
				44113AF72A01DCEF0036510D /* BusinessItem.swift in Sources */,
				44113B242A022D4C0036510D /* DetailImageSlideCover.swift in Sources */,
				44113B222A0228710036510D /* DetailActions.swift in Sources */,
				44113B052A01E3D00036510D /* BusinessList.swift in Sources */,
				44113B362A02391E0036510D /* ReviewItem.swift in Sources */,
				44113B382A023A8E0036510D /* ReviewText.swift in Sources */,
				44113AF52A01DB580036510D /* HomeView.swift in Sources */,
				44113AE82A0165E80036510D /* BusinessRepository.swift in Sources */,
				44113B1A2A021D660036510D /* DetailPrice.swift in Sources */,
				44113B282A0233040036510D /* Review.swift in Sources */,
				44113B102A020D960036510D /* BusinessDetail.swift in Sources */,
				44113B342A0238BF0036510D /* ReviewName.swift in Sources */,
				44113AEB2A0168CC0036510D /* GetBusiness.swift in Sources */,
				44113B2C2A0234850036510D /* GetBusinessReviews.swift in Sources */,
				44113B162A021B6E0036510D /* DetailImageCover.swift in Sources */,
				44113AE52A0165810036510D /* BusinessHours.swift in Sources */,
				44113B2A2A0233A50036510D /* ReviewUser.swift in Sources */,
				44113ADF2A0164FD0036510D /* BusinessCategory.swift in Sources */,
				44113B182A021C170036510D /* BusinessDetailName.swift in Sources */,
				44113AD92A0102A60036510D /* BusinessService.swift in Sources */,
				44113AFB2A01DE1F0036510D /* BusinessName.swift in Sources */,
				44113B142A0218DA0036510D /* GetBusinessDetail.swift in Sources */,
				44113AC22A00F90C0036510D /* ContentView.swift in Sources */,
				44113AE12A0165210036510D /* BusinessCoordinate.swift in Sources */,
				44113B032A01E2B60036510D /* BusinessAddress.swift in Sources */,
				44113ADD2A0164D10036510D /* Business.swift in Sources */,
				44113B1E2A0226520036510D /* DetailMap.swift in Sources */,
				44113AE32A0165450036510D /* BusinessLocation.swift in Sources */,
				44113AFF2A01E0640036510D /* BusinessReviewCount.swift in Sources */,
				44113B202A0227800036510D /* IconButton.swift in Sources */,
				44113AFD2A01DE5F0036510D /* BusinessRating.swift in Sources */,
				44113AC02A00F90C0036510D /* BusinessFinderApp.swift in Sources */,
				44113B322A0237DD0036510D /* ReviewProfilePicture.swift in Sources */,
			);
			runOnlyForDeploymentPostprocessing = 0;
		};
/* End PBXSourcesBuildPhase section */

/* Begin XCBuildConfiguration section */
		44113AC82A00F90D0036510D /* Debug */ = {
			isa = XCBuildConfiguration;
			buildSettings = {
				ALWAYS_SEARCH_USER_PATHS = NO;
				CLANG_ANALYZER_NONNULL = YES;
				CLANG_ANALYZER_NUMBER_OBJECT_CONVERSION = YES_AGGRESSIVE;
				CLANG_CXX_LANGUAGE_STANDARD = "gnu++20";
				CLANG_ENABLE_MODULES = YES;
				CLANG_ENABLE_OBJC_ARC = YES;
				CLANG_ENABLE_OBJC_WEAK = YES;
				CLANG_WARN_BLOCK_CAPTURE_AUTORELEASING = YES;
				CLANG_WARN_BOOL_CONVERSION = YES;
				CLANG_WARN_COMMA = YES;
				CLANG_WARN_CONSTANT_CONVERSION = YES;
				CLANG_WARN_DEPRECATED_OBJC_IMPLEMENTATIONS = YES;
				CLANG_WARN_DIRECT_OBJC_ISA_USAGE = YES_ERROR;
				CLANG_WARN_DOCUMENTATION_COMMENTS = YES;
				CLANG_WARN_EMPTY_BODY = YES;
				CLANG_WARN_ENUM_CONVERSION = YES;
				CLANG_WARN_INFINITE_RECURSION = YES;
				CLANG_WARN_INT_CONVERSION = YES;
				CLANG_WARN_NON_LITERAL_NULL_CONVERSION = YES;
				CLANG_WARN_OBJC_IMPLICIT_RETAIN_SELF = YES;
				CLANG_WARN_OBJC_LITERAL_CONVERSION = YES;
				CLANG_WARN_OBJC_ROOT_CLASS = YES_ERROR;
				CLANG_WARN_QUOTED_INCLUDE_IN_FRAMEWORK_HEADER = YES;
				CLANG_WARN_RANGE_LOOP_ANALYSIS = YES;
				CLANG_WARN_STRICT_PROTOTYPES = YES;
				CLANG_WARN_SUSPICIOUS_MOVE = YES;
				CLANG_WARN_UNGUARDED_AVAILABILITY = YES_AGGRESSIVE;
				CLANG_WARN_UNREACHABLE_CODE = YES;
				CLANG_WARN__DUPLICATE_METHOD_MATCH = YES;
				COPY_PHASE_STRIP = NO;
				DEBUG_INFORMATION_FORMAT = dwarf;
				ENABLE_STRICT_OBJC_MSGSEND = YES;
				ENABLE_TESTABILITY = YES;
				GCC_C_LANGUAGE_STANDARD = gnu11;
				GCC_DYNAMIC_NO_PIC = NO;
				GCC_NO_COMMON_BLOCKS = YES;
				GCC_OPTIMIZATION_LEVEL = 0;
				GCC_PREPROCESSOR_DEFINITIONS = (
					"DEBUG=1",
					"$(inherited)",
				);
				GCC_WARN_64_TO_32_BIT_CONVERSION = YES;
				GCC_WARN_ABOUT_RETURN_TYPE = YES_ERROR;
				GCC_WARN_UNDECLARED_SELECTOR = YES;
				GCC_WARN_UNINITIALIZED_AUTOS = YES_AGGRESSIVE;
				GCC_WARN_UNUSED_FUNCTION = YES;
				GCC_WARN_UNUSED_VARIABLE = YES;
				IPHONEOS_DEPLOYMENT_TARGET = 16.4;
				MTL_ENABLE_DEBUG_INFO = INCLUDE_SOURCE;
				MTL_FAST_MATH = YES;
				ONLY_ACTIVE_ARCH = YES;
				SDKROOT = iphoneos;
				SWIFT_ACTIVE_COMPILATION_CONDITIONS = DEBUG;
				SWIFT_OPTIMIZATION_LEVEL = "-Onone";
			};
			name = Debug;
		};
		44113AC92A00F90D0036510D /* Release */ = {
			isa = XCBuildConfiguration;
			buildSettings = {
				ALWAYS_SEARCH_USER_PATHS = NO;
				CLANG_ANALYZER_NONNULL = YES;
				CLANG_ANALYZER_NUMBER_OBJECT_CONVERSION = YES_AGGRESSIVE;
				CLANG_CXX_LANGUAGE_STANDARD = "gnu++20";
				CLANG_ENABLE_MODULES = YES;
				CLANG_ENABLE_OBJC_ARC = YES;
				CLANG_ENABLE_OBJC_WEAK = YES;
				CLANG_WARN_BLOCK_CAPTURE_AUTORELEASING = YES;
				CLANG_WARN_BOOL_CONVERSION = YES;
				CLANG_WARN_COMMA = YES;
				CLANG_WARN_CONSTANT_CONVERSION = YES;
				CLANG_WARN_DEPRECATED_OBJC_IMPLEMENTATIONS = YES;
				CLANG_WARN_DIRECT_OBJC_ISA_USAGE = YES_ERROR;
				CLANG_WARN_DOCUMENTATION_COMMENTS = YES;
				CLANG_WARN_EMPTY_BODY = YES;
				CLANG_WARN_ENUM_CONVERSION = YES;
				CLANG_WARN_INFINITE_RECURSION = YES;
				CLANG_WARN_INT_CONVERSION = YES;
				CLANG_WARN_NON_LITERAL_NULL_CONVERSION = YES;
				CLANG_WARN_OBJC_IMPLICIT_RETAIN_SELF = YES;
				CLANG_WARN_OBJC_LITERAL_CONVERSION = YES;
				CLANG_WARN_OBJC_ROOT_CLASS = YES_ERROR;
				CLANG_WARN_QUOTED_INCLUDE_IN_FRAMEWORK_HEADER = YES;
				CLANG_WARN_RANGE_LOOP_ANALYSIS = YES;
				CLANG_WARN_STRICT_PROTOTYPES = YES;
				CLANG_WARN_SUSPICIOUS_MOVE = YES;
				CLANG_WARN_UNGUARDED_AVAILABILITY = YES_AGGRESSIVE;
				CLANG_WARN_UNREACHABLE_CODE = YES;
				CLANG_WARN__DUPLICATE_METHOD_MATCH = YES;
				COPY_PHASE_STRIP = NO;
				DEBUG_INFORMATION_FORMAT = "dwarf-with-dsym";
				ENABLE_NS_ASSERTIONS = NO;
				ENABLE_STRICT_OBJC_MSGSEND = YES;
				GCC_C_LANGUAGE_STANDARD = gnu11;
				GCC_NO_COMMON_BLOCKS = YES;
				GCC_WARN_64_TO_32_BIT_CONVERSION = YES;
				GCC_WARN_ABOUT_RETURN_TYPE = YES_ERROR;
				GCC_WARN_UNDECLARED_SELECTOR = YES;
				GCC_WARN_UNINITIALIZED_AUTOS = YES_AGGRESSIVE;
				GCC_WARN_UNUSED_FUNCTION = YES;
				GCC_WARN_UNUSED_VARIABLE = YES;
				IPHONEOS_DEPLOYMENT_TARGET = 16.4;
				MTL_ENABLE_DEBUG_INFO = NO;
				MTL_FAST_MATH = YES;
				SDKROOT = iphoneos;
				SWIFT_COMPILATION_MODE = wholemodule;
				SWIFT_OPTIMIZATION_LEVEL = "-O";
				VALIDATE_PRODUCT = YES;
			};
			name = Release;
		};
		44113ACB2A00F90D0036510D /* Debug */ = {
			isa = XCBuildConfiguration;
			baseConfigurationReference = F46A8C7C3C4DE36CD804A256 /* Pods-BusinessFinder.debug.xcconfig */;
			buildSettings = {
				ASSETCATALOG_COMPILER_APPICON_NAME = AppIcon;
				ASSETCATALOG_COMPILER_GLOBAL_ACCENT_COLOR_NAME = AccentColor;
				CODE_SIGN_STYLE = Automatic;
				CURRENT_PROJECT_VERSION = 1;
				DEVELOPMENT_ASSET_PATHS = "\"BusinessFinder/Preview Content\"";
				DEVELOPMENT_TEAM = GSJL8ACDV5;
				ENABLE_PREVIEWS = YES;
				GENERATE_INFOPLIST_FILE = YES;
				INFOPLIST_KEY_UIApplicationSceneManifest_Generation = YES;
				INFOPLIST_KEY_UIApplicationSupportsIndirectInputEvents = YES;
				INFOPLIST_KEY_UILaunchScreen_Generation = YES;
				INFOPLIST_KEY_UISupportedInterfaceOrientations_iPad = "UIInterfaceOrientationPortrait UIInterfaceOrientationPortraitUpsideDown UIInterfaceOrientationLandscapeLeft UIInterfaceOrientationLandscapeRight";
				INFOPLIST_KEY_UISupportedInterfaceOrientations_iPhone = "UIInterfaceOrientationPortrait UIInterfaceOrientationLandscapeLeft UIInterfaceOrientationLandscapeRight";
				LD_RUNPATH_SEARCH_PATHS = (
					"$(inherited)",
					"@executable_path/Frameworks",
				);
				MARKETING_VERSION = 1.0;
				PRODUCT_BUNDLE_IDENTIFIER = com.pras.BusinessFinder;
				PRODUCT_NAME = "$(TARGET_NAME)";
				SWIFT_EMIT_LOC_STRINGS = YES;
				SWIFT_VERSION = 5.0;
				TARGETED_DEVICE_FAMILY = "1,2";
			};
			name = Debug;
		};
		44113ACC2A00F90D0036510D /* Release */ = {
			isa = XCBuildConfiguration;
			baseConfigurationReference = 8B7844A22E304F728A0B95A9 /* Pods-BusinessFinder.release.xcconfig */;
			buildSettings = {
				ASSETCATALOG_COMPILER_APPICON_NAME = AppIcon;
				ASSETCATALOG_COMPILER_GLOBAL_ACCENT_COLOR_NAME = AccentColor;
				CODE_SIGN_STYLE = Automatic;
				CURRENT_PROJECT_VERSION = 1;
				DEVELOPMENT_ASSET_PATHS = "\"BusinessFinder/Preview Content\"";
				DEVELOPMENT_TEAM = GSJL8ACDV5;
				ENABLE_PREVIEWS = YES;
				GENERATE_INFOPLIST_FILE = YES;
				INFOPLIST_KEY_UIApplicationSceneManifest_Generation = YES;
				INFOPLIST_KEY_UIApplicationSupportsIndirectInputEvents = YES;
				INFOPLIST_KEY_UILaunchScreen_Generation = YES;
				INFOPLIST_KEY_UISupportedInterfaceOrientations_iPad = "UIInterfaceOrientationPortrait UIInterfaceOrientationPortraitUpsideDown UIInterfaceOrientationLandscapeLeft UIInterfaceOrientationLandscapeRight";
				INFOPLIST_KEY_UISupportedInterfaceOrientations_iPhone = "UIInterfaceOrientationPortrait UIInterfaceOrientationLandscapeLeft UIInterfaceOrientationLandscapeRight";
				LD_RUNPATH_SEARCH_PATHS = (
					"$(inherited)",
					"@executable_path/Frameworks",
				);
				MARKETING_VERSION = 1.0;
				PRODUCT_BUNDLE_IDENTIFIER = com.pras.BusinessFinder;
				PRODUCT_NAME = "$(TARGET_NAME)";
				SWIFT_EMIT_LOC_STRINGS = YES;
				SWIFT_VERSION = 5.0;
				TARGETED_DEVICE_FAMILY = "1,2";
			};
			name = Release;
		};
/* End XCBuildConfiguration section */

/* Begin XCConfigurationList section */
		44113AB72A00F90C0036510D /* Build configuration list for PBXProject "BusinessFinder" */ = {
			isa = XCConfigurationList;
			buildConfigurations = (
				44113AC82A00F90D0036510D /* Debug */,
				44113AC92A00F90D0036510D /* Release */,
			);
			defaultConfigurationIsVisible = 0;
			defaultConfigurationName = Release;
		};
		44113ACA2A00F90D0036510D /* Build configuration list for PBXNativeTarget "BusinessFinder" */ = {
			isa = XCConfigurationList;
			buildConfigurations = (
				44113ACB2A00F90D0036510D /* Debug */,
				44113ACC2A00F90D0036510D /* Release */,
			);
			defaultConfigurationIsVisible = 0;
			defaultConfigurationName = Release;
		};
/* End XCConfigurationList section */
	};
	rootObject = 44113AB42A00F90C0036510D /* Project object */;
}
